// !$*UTF8*$!
{
	archiveVersion = 1;
	classes = {
	};
	objectVersion = 46;
	objects = {

/* Begin PBXBuildFile section */
		89D1EFBD183D095000AC1DA7 /* BigButton.m in Sources */ = {isa = PBXBuildFile; fileRef = 89D1EFBC183D095000AC1DA7 /* BigButton.m */; };
		89D1EFDC183D3D9A00AC1DA7 /* BetTypeViewController.m in Sources */ = {isa = PBXBuildFile; fileRef = 89D1EFDA183D3D9A00AC1DA7 /* BetTypeViewController.m */; };
		89E40317183D632700E072DA /* BetDetailsVC.m in Sources */ = {isa = PBXBuildFile; fileRef = 89E40316183D632700E072DA /* BetDetailsVC.m */; };
		89E4031A1842A3EF00E072DA /* BetStakeVC.m in Sources */ = {isa = PBXBuildFile; fileRef = 89E403191842A3EF00E072DA /* BetStakeVC.m */; };
		89E4031C1842AFDD00E072DA /* Beer.jpg in Resources */ = {isa = PBXBuildFile; fileRef = 89E4031B1842AFDD00E072DA /* Beer.jpg */; };
		89E4031E1842B16500E072DA /* Amazon.jpg in Resources */ = {isa = PBXBuildFile; fileRef = 89E4031D1842B16500E072DA /* Amazon.jpg */; };
		89E403241842BC3C00E072DA /* BetStakeConfirmVC.m in Sources */ = {isa = PBXBuildFile; fileRef = 89E403231842BC3C00E072DA /* BetStakeConfirmVC.m */; };
		89E403271842BDF200E072DA /* Bet.m in Sources */ = {isa = PBXBuildFile; fileRef = 89E403261842BDF200E072DA /* Bet.m */; };
		89E4032A1842C80700E072DA /* TempBet.m in Sources */ = {isa = PBXBuildFile; fileRef = 89E403291842C80700E072DA /* TempBet.m */; };
		89E4032D1843EE9400E072DA /* BetFinalizeVC.m in Sources */ = {isa = PBXBuildFile; fileRef = 89E4032C1843EE9400E072DA /* BetFinalizeVC.m */; };
		89E4032F1843F05E00E072DA /* handshake.jpg in Resources */ = {isa = PBXBuildFile; fileRef = 89E4032E1843F05E00E072DA /* handshake.jpg */; };
		89ED55C41837CB7D009FBF54 /* Foundation.framework in Frameworks */ = {isa = PBXBuildFile; fileRef = 89ED55C31837CB7D009FBF54 /* Foundation.framework */; };
		89ED55C61837CB7D009FBF54 /* CoreGraphics.framework in Frameworks */ = {isa = PBXBuildFile; fileRef = 89ED55C51837CB7D009FBF54 /* CoreGraphics.framework */; };
		89ED55C81837CB7D009FBF54 /* UIKit.framework in Frameworks */ = {isa = PBXBuildFile; fileRef = 89ED55C71837CB7D009FBF54 /* UIKit.framework */; };
		89ED55CA1837CB7D009FBF54 /* CoreData.framework in Frameworks */ = {isa = PBXBuildFile; fileRef = 89ED55C91837CB7D009FBF54 /* CoreData.framework */; };
		89ED55D01837CB7D009FBF54 /* InfoPlist.strings in Resources */ = {isa = PBXBuildFile; fileRef = 89ED55CE1837CB7D009FBF54 /* InfoPlist.strings */; };
		89ED55D21837CB7D009FBF54 /* main.m in Sources */ = {isa = PBXBuildFile; fileRef = 89ED55D11837CB7D009FBF54 /* main.m */; };
		89ED55D61837CB7D009FBF54 /* AppDelegate.m in Sources */ = {isa = PBXBuildFile; fileRef = 89ED55D51837CB7D009FBF54 /* AppDelegate.m */; };
		89ED55D91837CB7D009FBF54 /* iBetchyu.xcdatamodeld in Sources */ = {isa = PBXBuildFile; fileRef = 89ED55D71837CB7D009FBF54 /* iBetchyu.xcdatamodeld */; };
		89ED55DB1837CB7D009FBF54 /* Images.xcassets in Resources */ = {isa = PBXBuildFile; fileRef = 89ED55DA1837CB7D009FBF54 /* Images.xcassets */; };
		89ED55E21837CB7D009FBF54 /* XCTest.framework in Frameworks */ = {isa = PBXBuildFile; fileRef = 89ED55E11837CB7D009FBF54 /* XCTest.framework */; };
		89ED55E31837CB7D009FBF54 /* Foundation.framework in Frameworks */ = {isa = PBXBuildFile; fileRef = 89ED55C31837CB7D009FBF54 /* Foundation.framework */; };
		89ED55E41837CB7D009FBF54 /* UIKit.framework in Frameworks */ = {isa = PBXBuildFile; fileRef = 89ED55C71837CB7D009FBF54 /* UIKit.framework */; };
		89ED55E51837CB7D009FBF54 /* CoreData.framework in Frameworks */ = {isa = PBXBuildFile; fileRef = 89ED55C91837CB7D009FBF54 /* CoreData.framework */; };
		89ED55F91837CBD4009FBF54 /* FacebookSDK.framework in Frameworks */ = {isa = PBXBuildFile; fileRef = 89ED55F81837CBD4009FBF54 /* FacebookSDK.framework */; };
		89ED55FD1837CC82009FBF54 /* ViewController.m in Sources */ = {isa = PBXBuildFile; fileRef = 89ED55FB1837CC82009FBF54 /* ViewController.m */; };
		89ED56041837CD59009FBF54 /* LoginViewController.m in Sources */ = {isa = PBXBuildFile; fileRef = 89ED56021837CD59009FBF54 /* LoginViewController.m */; };
		89ED56051837CD59009FBF54 /* LoginViewController.xib in Resources */ = {isa = PBXBuildFile; fileRef = 89ED56031837CD59009FBF54 /* LoginViewController.xib */; };
/* End PBXBuildFile section */

/* Begin PBXContainerItemProxy section */
		89ED55E61837CB7D009FBF54 /* PBXContainerItemProxy */ = {
			isa = PBXContainerItemProxy;
			containerPortal = 89ED55B81837CB7D009FBF54 /* Project object */;
			proxyType = 1;
			remoteGlobalIDString = 89ED55BF1837CB7D009FBF54;
			remoteInfo = iBetchyu;
		};
/* End PBXContainerItemProxy section */

/* Begin PBXFileReference section */
		89D1EFBB183D095000AC1DA7 /* BigButton.h */ = {isa = PBXFileReference; fileEncoding = 4; lastKnownFileType = sourcecode.c.h; path = BigButton.h; sourceTree = "<group>"; };
		89D1EFBC183D095000AC1DA7 /* BigButton.m */ = {isa = PBXFileReference; fileEncoding = 4; lastKnownFileType = sourcecode.c.objc; path = BigButton.m; sourceTree = "<group>"; };
		89D1EFD9183D3D9A00AC1DA7 /* BetTypeViewController.h */ = {isa = PBXFileReference; fileEncoding = 4; lastKnownFileType = sourcecode.c.h; path = BetTypeViewController.h; sourceTree = "<group>"; };
		89D1EFDA183D3D9A00AC1DA7 /* BetTypeViewController.m */ = {isa = PBXFileReference; fileEncoding = 4; lastKnownFileType = sourcecode.c.objc; path = BetTypeViewController.m; sourceTree = "<group>"; };
		89E40315183D632700E072DA /* BetDetailsVC.h */ = {isa = PBXFileReference; fileEncoding = 4; lastKnownFileType = sourcecode.c.h; name = BetDetailsVC.h; path = ../BetDetailsVC.h; sourceTree = "<group>"; };
		89E40316183D632700E072DA /* BetDetailsVC.m */ = {isa = PBXFileReference; fileEncoding = 4; lastKnownFileType = sourcecode.c.objc; name = BetDetailsVC.m; path = ../BetDetailsVC.m; sourceTree = "<group>"; };
		89E403181842A3EF00E072DA /* BetStakeVC.h */ = {isa = PBXFileReference; fileEncoding = 4; lastKnownFileType = sourcecode.c.h; path = BetStakeVC.h; sourceTree = "<group>"; };
		89E403191842A3EF00E072DA /* BetStakeVC.m */ = {isa = PBXFileReference; fileEncoding = 4; lastKnownFileType = sourcecode.c.objc; path = BetStakeVC.m; sourceTree = "<group>"; };
		89E4031B1842AFDD00E072DA /* Beer.jpg */ = {isa = PBXFileReference; lastKnownFileType = image.jpeg; name = Beer.jpg; path = ../../../Desktop/Beer.jpg; sourceTree = "<group>"; };
		89E4031D1842B16500E072DA /* Amazon.jpg */ = {isa = PBXFileReference; lastKnownFileType = image.jpeg; name = Amazon.jpg; path = ../../../Desktop/Amazon.jpg; sourceTree = "<group>"; };
		89E403221842BC3C00E072DA /* BetStakeConfirmVC.h */ = {isa = PBXFileReference; fileEncoding = 4; lastKnownFileType = sourcecode.c.h; name = BetStakeConfirmVC.h; path = ../BetStakeConfirmVC.h; sourceTree = "<group>"; };
		89E403231842BC3C00E072DA /* BetStakeConfirmVC.m */ = {isa = PBXFileReference; fileEncoding = 4; lastKnownFileType = sourcecode.c.objc; name = BetStakeConfirmVC.m; path = ../BetStakeConfirmVC.m; sourceTree = "<group>"; };
		89E403251842BDF200E072DA /* Bet.h */ = {isa = PBXFileReference; fileEncoding = 4; lastKnownFileType = sourcecode.c.h; path = Bet.h; sourceTree = "<group>"; };
		89E403261842BDF200E072DA /* Bet.m */ = {isa = PBXFileReference; fileEncoding = 4; lastKnownFileType = sourcecode.c.objc; path = Bet.m; sourceTree = "<group>"; };
		89E403281842C80700E072DA /* TempBet.h */ = {isa = PBXFileReference; fileEncoding = 4; lastKnownFileType = sourcecode.c.h; path = TempBet.h; sourceTree = "<group>"; };
		89E403291842C80700E072DA /* TempBet.m */ = {isa = PBXFileReference; fileEncoding = 4; lastKnownFileType = sourcecode.c.objc; path = TempBet.m; sourceTree = "<group>"; };
		89E4032B1843EE9400E072DA /* BetFinalizeVC.h */ = {isa = PBXFileReference; fileEncoding = 4; lastKnownFileType = sourcecode.c.h; path = BetFinalizeVC.h; sourceTree = "<group>"; };
		89E4032C1843EE9400E072DA /* BetFinalizeVC.m */ = {isa = PBXFileReference; fileEncoding = 4; lastKnownFileType = sourcecode.c.objc; path = BetFinalizeVC.m; sourceTree = "<group>"; };
		89E4032E1843F05E00E072DA /* handshake.jpg */ = {isa = PBXFileReference; lastKnownFileType = image.jpeg; name = handshake.jpg; path = ../../../Desktop/handshake.jpg; sourceTree = "<group>"; };
		89ED55C01837CB7D009FBF54 /* iBetchyu.app */ = {isa = PBXFileReference; explicitFileType = wrapper.application; includeInIndex = 0; path = iBetchyu.app; sourceTree = BUILT_PRODUCTS_DIR; };
		89ED55C31837CB7D009FBF54 /* Foundation.framework */ = {isa = PBXFileReference; lastKnownFileType = wrapper.framework; name = Foundation.framework; path = System/Library/Frameworks/Foundation.framework; sourceTree = SDKROOT; };
		89ED55C51837CB7D009FBF54 /* CoreGraphics.framework */ = {isa = PBXFileReference; lastKnownFileType = wrapper.framework; name = CoreGraphics.framework; path = System/Library/Frameworks/CoreGraphics.framework; sourceTree = SDKROOT; };
		89ED55C71837CB7D009FBF54 /* UIKit.framework */ = {isa = PBXFileReference; lastKnownFileType = wrapper.framework; name = UIKit.framework; path = System/Library/Frameworks/UIKit.framework; sourceTree = SDKROOT; };
		89ED55C91837CB7D009FBF54 /* CoreData.framework */ = {isa = PBXFileReference; lastKnownFileType = wrapper.framework; name = CoreData.framework; path = System/Library/Frameworks/CoreData.framework; sourceTree = SDKROOT; };
		89ED55CD1837CB7D009FBF54 /* iBetchyu-Info.plist */ = {isa = PBXFileReference; lastKnownFileType = text.plist.xml; path = "iBetchyu-Info.plist"; sourceTree = "<group>"; };
		89ED55CF1837CB7D009FBF54 /* en */ = {isa = PBXFileReference; lastKnownFileType = text.plist.strings; name = en; path = en.lproj/InfoPlist.strings; sourceTree = "<group>"; };
		89ED55D11837CB7D009FBF54 /* main.m */ = {isa = PBXFileReference; lastKnownFileType = sourcecode.c.objc; path = main.m; sourceTree = "<group>"; };
		89ED55D31837CB7D009FBF54 /* iBetchyu-Prefix.pch */ = {isa = PBXFileReference; lastKnownFileType = sourcecode.c.h; path = "iBetchyu-Prefix.pch"; sourceTree = "<group>"; };
		89ED55D41837CB7D009FBF54 /* AppDelegate.h */ = {isa = PBXFileReference; lastKnownFileType = sourcecode.c.h; path = AppDelegate.h; sourceTree = "<group>"; };
		89ED55D51837CB7D009FBF54 /* AppDelegate.m */ = {isa = PBXFileReference; lastKnownFileType = sourcecode.c.objc; path = AppDelegate.m; sourceTree = "<group>"; };
		89ED55D81837CB7D009FBF54 /* iBetchyu.xcdatamodel */ = {isa = PBXFileReference; lastKnownFileType = wrapper.xcdatamodel; path = iBetchyu.xcdatamodel; sourceTree = "<group>"; };
		89ED55DA1837CB7D009FBF54 /* Images.xcassets */ = {isa = PBXFileReference; lastKnownFileType = folder.assetcatalog; path = Images.xcassets; sourceTree = "<group>"; };
		89ED55E01837CB7D009FBF54 /* iBetchyuTests.xctest */ = {isa = PBXFileReference; explicitFileType = wrapper.cfbundle; includeInIndex = 0; path = iBetchyuTests.xctest; sourceTree = BUILT_PRODUCTS_DIR; };
		89ED55E11837CB7D009FBF54 /* XCTest.framework */ = {isa = PBXFileReference; lastKnownFileType = wrapper.framework; name = XCTest.framework; path = Library/Frameworks/XCTest.framework; sourceTree = DEVELOPER_DIR; };
		89ED55F81837CBD4009FBF54 /* FacebookSDK.framework */ = {isa = PBXFileReference; lastKnownFileType = wrapper.framework; name = FacebookSDK.framework; path = ../../Documents/FacebookSDK/FacebookSDK.framework; sourceTree = "<group>"; };
		89ED55FA1837CC82009FBF54 /* ViewController.h */ = {isa = PBXFileReference; fileEncoding = 4; lastKnownFileType = sourcecode.c.h; name = ViewController.h; path = ../ViewController.h; sourceTree = "<group>"; };
		89ED55FB1837CC82009FBF54 /* ViewController.m */ = {isa = PBXFileReference; fileEncoding = 4; lastKnownFileType = sourcecode.c.objc; name = ViewController.m; path = ../ViewController.m; sourceTree = "<group>"; };
		89ED56011837CD59009FBF54 /* LoginViewController.h */ = {isa = PBXFileReference; fileEncoding = 4; lastKnownFileType = sourcecode.c.h; path = LoginViewController.h; sourceTree = "<group>"; };
		89ED56021837CD59009FBF54 /* LoginViewController.m */ = {isa = PBXFileReference; fileEncoding = 4; lastKnownFileType = sourcecode.c.objc; path = LoginViewController.m; sourceTree = "<group>"; };
		89ED56031837CD59009FBF54 /* LoginViewController.xib */ = {isa = PBXFileReference; fileEncoding = 4; lastKnownFileType = file.xib; path = LoginViewController.xib; sourceTree = "<group>"; };
/* End PBXFileReference section */

/* Begin PBXFrameworksBuildPhase section */
		89ED55BD1837CB7D009FBF54 /* Frameworks */ = {
			isa = PBXFrameworksBuildPhase;
			buildActionMask = 2147483647;
			files = (
				89ED55C61837CB7D009FBF54 /* CoreGraphics.framework in Frameworks */,
				89ED55F91837CBD4009FBF54 /* FacebookSDK.framework in Frameworks */,
				89ED55CA1837CB7D009FBF54 /* CoreData.framework in Frameworks */,
				89ED55C81837CB7D009FBF54 /* UIKit.framework in Frameworks */,
				89ED55C41837CB7D009FBF54 /* Foundation.framework in Frameworks */,
			);
			runOnlyForDeploymentPostprocessing = 0;
		};
		89ED55DD1837CB7D009FBF54 /* Frameworks */ = {
			isa = PBXFrameworksBuildPhase;
			buildActionMask = 2147483647;
			files = (
				89ED55E21837CB7D009FBF54 /* XCTest.framework in Frameworks */,
				89ED55E51837CB7D009FBF54 /* CoreData.framework in Frameworks */,
				89ED55E41837CB7D009FBF54 /* UIKit.framework in Frameworks */,
				89ED55E31837CB7D009FBF54 /* Foundation.framework in Frameworks */,
			);
			runOnlyForDeploymentPostprocessing = 0;
		};
/* End PBXFrameworksBuildPhase section */

/* Begin PBXGroup section */
		89D1EFBA183CFD4C00AC1DA7 /* Controllers */ = {
			isa = PBXGroup;
			children = (
				89E403311843FB7800E072DA /* CreateGoalFlow */,
				89ED56011837CD59009FBF54 /* LoginViewController.h */,
				89ED56021837CD59009FBF54 /* LoginViewController.m */,
				89ED55FA1837CC82009FBF54 /* ViewController.h */,
				89ED55FB1837CC82009FBF54 /* ViewController.m */,
			);
			name = Controllers;
			sourceTree = "<group>";
		};
		89E403301843F06C00E072DA /* Images */ = {
			isa = PBXGroup;
			children = (
				89E4032E1843F05E00E072DA /* handshake.jpg */,
				89E4031D1842B16500E072DA /* Amazon.jpg */,
				89E4031B1842AFDD00E072DA /* Beer.jpg */,
			);
			name = Images;
			sourceTree = "<group>";
		};
		89E403311843FB7800E072DA /* CreateGoalFlow */ = {
			isa = PBXGroup;
			children = (
				89E4032B1843EE9400E072DA /* BetFinalizeVC.h */,
				89E4032C1843EE9400E072DA /* BetFinalizeVC.m */,
				89E403221842BC3C00E072DA /* BetStakeConfirmVC.h */,
				89E403231842BC3C00E072DA /* BetStakeConfirmVC.m */,
				89E403181842A3EF00E072DA /* BetStakeVC.h */,
				89E403191842A3EF00E072DA /* BetStakeVC.m */,
				89E40315183D632700E072DA /* BetDetailsVC.h */,
				89E40316183D632700E072DA /* BetDetailsVC.m */,
				89D1EFD9183D3D9A00AC1DA7 /* BetTypeViewController.h */,
				89D1EFDA183D3D9A00AC1DA7 /* BetTypeViewController.m */,
			);
			name = CreateGoalFlow;
			sourceTree = "<group>";
		};
		89ED55B71837CB7D009FBF54 = {
			isa = PBXGroup;
			children = (
				89ED55CB1837CB7D009FBF54 /* iBetchyu */,
				89ED55C21837CB7D009FBF54 /* Frameworks */,
				89ED55C11837CB7D009FBF54 /* Products */,
			);
			sourceTree = "<group>";
		};
		89ED55C11837CB7D009FBF54 /* Products */ = {
			isa = PBXGroup;
			children = (
				89ED55C01837CB7D009FBF54 /* iBetchyu.app */,
				89ED55E01837CB7D009FBF54 /* iBetchyuTests.xctest */,
			);
			name = Products;
			sourceTree = "<group>";
		};
		89ED55C21837CB7D009FBF54 /* Frameworks */ = {
			isa = PBXGroup;
			children = (
				89ED55F81837CBD4009FBF54 /* FacebookSDK.framework */,
				89ED55C31837CB7D009FBF54 /* Foundation.framework */,
				89ED55C51837CB7D009FBF54 /* CoreGraphics.framework */,
				89ED55C71837CB7D009FBF54 /* UIKit.framework */,
				89ED55C91837CB7D009FBF54 /* CoreData.framework */,
				89ED55E11837CB7D009FBF54 /* XCTest.framework */,
			);
			name = Frameworks;
			sourceTree = "<group>";
		};
		89ED55CB1837CB7D009FBF54 /* iBetchyu */ = {
			isa = PBXGroup;
			children = (
				89E403301843F06C00E072DA /* Images */,
				89D1EFBA183CFD4C00AC1DA7 /* Controllers */,
				89ED56001837CCA7009FBF54 /* Models */,
				89ED55FF1837CC8E009FBF54 /* Views */,
				89ED55D41837CB7D009FBF54 /* AppDelegate.h */,
				89ED55D51837CB7D009FBF54 /* AppDelegate.m */,
				89ED55DA1837CB7D009FBF54 /* Images.xcassets */,
				89ED55CC1837CB7D009FBF54 /* Supporting Files */,
			);
			path = iBetchyu;
			sourceTree = "<group>";
		};
		89ED55CC1837CB7D009FBF54 /* Supporting Files */ = {
			isa = PBXGroup;
			children = (
				89ED55CD1837CB7D009FBF54 /* iBetchyu-Info.plist */,
				89ED55CE1837CB7D009FBF54 /* InfoPlist.strings */,
				89ED55D11837CB7D009FBF54 /* main.m */,
				89ED55D31837CB7D009FBF54 /* iBetchyu-Prefix.pch */,
			);
			name = "Supporting Files";
			sourceTree = "<group>";
		};
		89ED55FF1837CC8E009FBF54 /* Views */ = {
			isa = PBXGroup;
			children = (
				89ED56031837CD59009FBF54 /* LoginViewController.xib */,
				89D1EFBB183D095000AC1DA7 /* BigButton.h */,
				89D1EFBC183D095000AC1DA7 /* BigButton.m */,
			);
			name = Views;
			sourceTree = "<group>";
		};
		89ED56001837CCA7009FBF54 /* Models */ = {
			isa = PBXGroup;
			children = (
				89E403281842C80700E072DA /* TempBet.h */,
				89E403291842C80700E072DA /* TempBet.m */,
				89ED55D71837CB7D009FBF54 /* iBetchyu.xcdatamodeld */,
				89E403251842BDF200E072DA /* Bet.h */,
				89E403261842BDF200E072DA /* Bet.m */,
			);
			name = Models;
			sourceTree = "<group>";
		};
/* End PBXGroup section */

/* Begin PBXNativeTarget section */
		89ED55BF1837CB7D009FBF54 /* iBetchyu */ = {
			isa = PBXNativeTarget;
			buildConfigurationList = 89ED55F21837CB7D009FBF54 /* Build configuration list for PBXNativeTarget "iBetchyu" */;
			buildPhases = (
				89ED55BC1837CB7D009FBF54 /* Sources */,
				89ED55BD1837CB7D009FBF54 /* Frameworks */,
				89ED55BE1837CB7D009FBF54 /* Resources */,
			);
			buildRules = (
			);
			dependencies = (
			);
			name = iBetchyu;
			productName = iBetchyu;
			productReference = 89ED55C01837CB7D009FBF54 /* iBetchyu.app */;
			productType = "com.apple.product-type.application";
		};
		89ED55DF1837CB7D009FBF54 /* iBetchyuTests */ = {
			isa = PBXNativeTarget;
			buildConfigurationList = 89ED55F51837CB7D009FBF54 /* Build configuration list for PBXNativeTarget "iBetchyuTests" */;
			buildPhases = (
				89ED55DC1837CB7D009FBF54 /* Sources */,
				89ED55DD1837CB7D009FBF54 /* Frameworks */,
				89ED55DE1837CB7D009FBF54 /* Resources */,
			);
			buildRules = (
			);
			dependencies = (
				89ED55E71837CB7D009FBF54 /* PBXTargetDependency */,
			);
			name = iBetchyuTests;
			productName = iBetchyuTests;
			productReference = 89ED55E01837CB7D009FBF54 /* iBetchyuTests.xctest */;
			productType = "com.apple.product-type.bundle.unit-test";
		};
/* End PBXNativeTarget section */

/* Begin PBXProject section */
		89ED55B81837CB7D009FBF54 /* Project object */ = {
			isa = PBXProject;
			attributes = {
				LastUpgradeCheck = 0500;
				ORGANIZATIONNAME = "Betchyu Computer";
				TargetAttributes = {
					89ED55DF1837CB7D009FBF54 = {
						TestTargetID = 89ED55BF1837CB7D009FBF54;
					};
				};
			};
			buildConfigurationList = 89ED55BB1837CB7D009FBF54 /* Build configuration list for PBXProject "iBetchyu" */;
			compatibilityVersion = "Xcode 3.2";
			developmentRegion = English;
			hasScannedForEncodings = 0;
			knownRegions = (
				en,
			);
			mainGroup = 89ED55B71837CB7D009FBF54;
			productRefGroup = 89ED55C11837CB7D009FBF54 /* Products */;
			projectDirPath = "";
			projectRoot = "";
			targets = (
				89ED55BF1837CB7D009FBF54 /* iBetchyu */,
				89ED55DF1837CB7D009FBF54 /* iBetchyuTests */,
			);
		};
/* End PBXProject section */

/* Begin PBXResourcesBuildPhase section */
		89ED55BE1837CB7D009FBF54 /* Resources */ = {
			isa = PBXResourcesBuildPhase;
			buildActionMask = 2147483647;
			files = (
				89ED56051837CD59009FBF54 /* LoginViewController.xib in Resources */,
				89E4031C1842AFDD00E072DA /* Beer.jpg in Resources */,
				89E4031E1842B16500E072DA /* Amazon.jpg in Resources */,
				89ED55D01837CB7D009FBF54 /* InfoPlist.strings in Resources */,
				89ED55DB1837CB7D009FBF54 /* Images.xcassets in Resources */,
				89E4032F1843F05E00E072DA /* handshake.jpg in Resources */,
			);
			runOnlyForDeploymentPostprocessing = 0;
		};
		89ED55DE1837CB7D009FBF54 /* Resources */ = {
			isa = PBXResourcesBuildPhase;
			buildActionMask = 2147483647;
			files = (
			);
			runOnlyForDeploymentPostprocessing = 0;
		};
/* End PBXResourcesBuildPhase section */

/* Begin PBXSourcesBuildPhase section */
		89ED55BC1837CB7D009FBF54 /* Sources */ = {
			isa = PBXSourcesBuildPhase;
			buildActionMask = 2147483647;
			files = (
				89E403271842BDF200E072DA /* Bet.m in Sources */,
				89ED55D91837CB7D009FBF54 /* iBetchyu.xcdatamodeld in Sources */,
				89ED55D61837CB7D009FBF54 /* AppDelegate.m in Sources */,
				89E40317183D632700E072DA /* BetDetailsVC.m in Sources */,
				89E4032D1843EE9400E072DA /* BetFinalizeVC.m in Sources */,
				89ED55FD1837CC82009FBF54 /* ViewController.m in Sources */,
				89E403241842BC3C00E072DA /* BetStakeConfirmVC.m in Sources */,
				89D1EFDC183D3D9A00AC1DA7 /* BetTypeViewController.m in Sources */,
				89ED55D21837CB7D009FBF54 /* main.m in Sources */,
				89D1EFBD183D095000AC1DA7 /* BigButton.m in Sources */,
				89E4032A1842C80700E072DA /* TempBet.m in Sources */,
				89ED56041837CD59009FBF54 /* LoginViewController.m in Sources */,
				89E4031A1842A3EF00E072DA /* BetStakeVC.m in Sources */,
			);
			runOnlyForDeploymentPostprocessing = 0;
		};
		89ED55DC1837CB7D009FBF54 /* Sources */ = {
			isa = PBXSourcesBuildPhase;
			buildActionMask = 2147483647;
			files = (
			);
			runOnlyForDeploymentPostprocessing = 0;
		};
/* End PBXSourcesBuildPhase section */

/* Begin PBXTargetDependency section */
		89ED55E71837CB7D009FBF54 /* PBXTargetDependency */ = {
			isa = PBXTargetDependency;
			target = 89ED55BF1837CB7D009FBF54 /* iBetchyu */;
			targetProxy = 89ED55E61837CB7D009FBF54 /* PBXContainerItemProxy */;
		};
/* End PBXTargetDependency section */

/* Begin PBXVariantGroup section */
		89ED55CE1837CB7D009FBF54 /* InfoPlist.strings */ = {
			isa = PBXVariantGroup;
			children = (
				89ED55CF1837CB7D009FBF54 /* en */,
			);
			name = InfoPlist.strings;
			sourceTree = "<group>";
		};
/* End PBXVariantGroup section */

/* Begin XCBuildConfiguration section */
		89ED55F01837CB7D009FBF54 /* Debug */ = {
			isa = XCBuildConfiguration;
			buildSettings = {
				ALWAYS_SEARCH_USER_PATHS = NO;
				ARCHS = "$(ARCHS_STANDARD_INCLUDING_64_BIT)";
				CLANG_CXX_LANGUAGE_STANDARD = "gnu++0x";
				CLANG_CXX_LIBRARY = "libc++";
				CLANG_ENABLE_MODULES = YES;
				CLANG_ENABLE_OBJC_ARC = YES;
				CLANG_WARN_BOOL_CONVERSION = YES;
				CLANG_WARN_CONSTANT_CONVERSION = YES;
				CLANG_WARN_DIRECT_OBJC_ISA_USAGE = YES_ERROR;
				CLANG_WARN_EMPTY_BODY = YES;
				CLANG_WARN_ENUM_CONVERSION = YES;
				CLANG_WARN_INT_CONVERSION = YES;
				CLANG_WARN_OBJC_ROOT_CLASS = YES_ERROR;
				CLANG_WARN__DUPLICATE_METHOD_MATCH = YES;
				"CODE_SIGN_IDENTITY[sdk=iphoneos*]" = "iPhone Developer";
				COPY_PHASE_STRIP = NO;
				GCC_C_LANGUAGE_STANDARD = gnu99;
				GCC_DYNAMIC_NO_PIC = NO;
				GCC_OPTIMIZATION_LEVEL = 0;
				GCC_PREPROCESSOR_DEFINITIONS = (
					"DEBUG=1",
					"$(inherited)",
				);
				GCC_SYMBOLS_PRIVATE_EXTERN = NO;
				GCC_WARN_64_TO_32_BIT_CONVERSION = YES;
				GCC_WARN_ABOUT_RETURN_TYPE = YES_ERROR;
				GCC_WARN_UNDECLARED_SELECTOR = YES;
				GCC_WARN_UNINITIALIZED_AUTOS = YES;
				GCC_WARN_UNUSED_FUNCTION = YES;
				GCC_WARN_UNUSED_VARIABLE = YES;
				IPHONEOS_DEPLOYMENT_TARGET = 7.0;
				ONLY_ACTIVE_ARCH = YES;
				SDKROOT = iphoneos;
				TARGETED_DEVICE_FAMILY = "1,2";
			};
			name = Debug;
		};
		89ED55F11837CB7D009FBF54 /* Release */ = {
			isa = XCBuildConfiguration;
			buildSettings = {
				ALWAYS_SEARCH_USER_PATHS = NO;
				ARCHS = "$(ARCHS_STANDARD_INCLUDING_64_BIT)";
				CLANG_CXX_LANGUAGE_STANDARD = "gnu++0x";
				CLANG_CXX_LIBRARY = "libc++";
				CLANG_ENABLE_MODULES = YES;
				CLANG_ENABLE_OBJC_ARC = YES;
				CLANG_WARN_BOOL_CONVERSION = YES;
				CLANG_WARN_CONSTANT_CONVERSION = YES;
				CLANG_WARN_DIRECT_OBJC_ISA_USAGE = YES_ERROR;
				CLANG_WARN_EMPTY_BODY = YES;
				CLANG_WARN_ENUM_CONVERSION = YES;
				CLANG_WARN_INT_CONVERSION = YES;
				CLANG_WARN_OBJC_ROOT_CLASS = YES_ERROR;
				CLANG_WARN__DUPLICATE_METHOD_MATCH = YES;
				"CODE_SIGN_IDENTITY[sdk=iphoneos*]" = "iPhone Developer";
				COPY_PHASE_STRIP = YES;
				ENABLE_NS_ASSERTIONS = NO;
				GCC_C_LANGUAGE_STANDARD = gnu99;
				GCC_WARN_64_TO_32_BIT_CONVERSION = YES;
				GCC_WARN_ABOUT_RETURN_TYPE = YES_ERROR;
				GCC_WARN_UNDECLARED_SELECTOR = YES;
				GCC_WARN_UNINITIALIZED_AUTOS = YES;
				GCC_WARN_UNUSED_FUNCTION = YES;
				GCC_WARN_UNUSED_VARIABLE = YES;
				IPHONEOS_DEPLOYMENT_TARGET = 7.0;
				SDKROOT = iphoneos;
				TARGETED_DEVICE_FAMILY = "1,2";
				VALIDATE_PRODUCT = YES;
			};
			name = Release;
		};
		89ED55F31837CB7D009FBF54 /* Debug */ = {
			isa = XCBuildConfiguration;
			buildSettings = {
				ASSETCATALOG_COMPILER_APPICON_NAME = AppIcon;
				ASSETCATALOG_COMPILER_LAUNCHIMAGE_NAME = LaunchImage;
				FRAMEWORK_SEARCH_PATHS = (
					"$(inherited)",
					/Users/Betchyu/Documents/FacebookSDK,
				);
				GCC_PRECOMPILE_PREFIX_HEADER = YES;
				GCC_PREFIX_HEADER = "iBetchyu/iBetchyu-Prefix.pch";
				INFOPLIST_FILE = "iBetchyu/iBetchyu-Info.plist";
				PRODUCT_NAME = "$(TARGET_NAME)";
				WRAPPER_EXTENSION = app;
			};
			name = Debug;
		};
		89ED55F41837CB7D009FBF54 /* Release */ = {
			isa = XCBuildConfiguration;
			buildSettings = {
				ASSETCATALOG_COMPILER_APPICON_NAME = AppIcon;
				ASSETCATALOG_COMPILER_LAUNCHIMAGE_NAME = LaunchImage;
				FRAMEWORK_SEARCH_PATHS = (
					"$(inherited)",
					/Users/Betchyu/Documents/FacebookSDK,
				);
				GCC_PRECOMPILE_PREFIX_HEADER = YES;
				GCC_PREFIX_HEADER = "iBetchyu/iBetchyu-Prefix.pch";
				INFOPLIST_FILE = "iBetchyu/iBetchyu-Info.plist";
				PRODUCT_NAME = "$(TARGET_NAME)";
				WRAPPER_EXTENSION = app;
			};
			name = Release;
		};
		89ED55F61837CB7D009FBF54 /* Debug */ = {
			isa = XCBuildConfiguration;
			buildSettings = {
				ARCHS = "$(ARCHS_STANDARD_INCLUDING_64_BIT)";
				BUNDLE_LOADER = "$(BUILT_PRODUCTS_DIR)/iBetchyu.app/iBetchyu";
				FRAMEWORK_SEARCH_PATHS = (
					"$(SDKROOT)/Developer/Library/Frameworks",
					"$(inherited)",
					"$(DEVELOPER_FRAMEWORKS_DIR)",
				);
				GCC_PRECOMPILE_PREFIX_HEADER = YES;
				GCC_PREFIX_HEADER = "iBetchyu/iBetchyu-Prefix.pch";
				GCC_PREPROCESSOR_DEFINITIONS = (
					"DEBUG=1",
					"$(inherited)",
				);
				INFOPLIST_FILE = "iBetchyuTests/iBetchyuTests-Info.plist";
				PRODUCT_NAME = "$(TARGET_NAME)";
				TEST_HOST = "$(BUNDLE_LOADER)";
				WRAPPER_EXTENSION = xctest;
			};
			name = Debug;
		};
		89ED55F71837CB7D009FBF54 /* Release */ = {
			isa = XCBuildConfiguration;
			buildSettings = {
				ARCHS = "$(ARCHS_STANDARD_INCLUDING_64_BIT)";
				BUNDLE_LOADER = "$(BUILT_PRODUCTS_DIR)/iBetchyu.app/iBetchyu";
				FRAMEWORK_SEARCH_PATHS = (
					"$(SDKROOT)/Developer/Library/Frameworks",
					"$(inherited)",
					"$(DEVELOPER_FRAMEWORKS_DIR)",
				);
				GCC_PRECOMPILE_PREFIX_HEADER = YES;
				GCC_PREFIX_HEADER = "iBetchyu/iBetchyu-Prefix.pch";
				INFOPLIST_FILE = "iBetchyuTests/iBetchyuTests-Info.plist";
				PRODUCT_NAME = "$(TARGET_NAME)";
				TEST_HOST = "$(BUNDLE_LOADER)";
				WRAPPER_EXTENSION = xctest;
			};
			name = Release;
		};
/* End XCBuildConfiguration section */

/* Begin XCConfigurationList section */
		89ED55BB1837CB7D009FBF54 /* Build configuration list for PBXProject "iBetchyu" */ = {
			isa = XCConfigurationList;
			buildConfigurations = (
				89ED55F01837CB7D009FBF54 /* Debug */,
				89ED55F11837CB7D009FBF54 /* Release */,
			);
			defaultConfigurationIsVisible = 0;
			defaultConfigurationName = Release;
		};
		89ED55F21837CB7D009FBF54 /* Build configuration list for PBXNativeTarget "iBetchyu" */ = {
			isa = XCConfigurationList;
			buildConfigurations = (
				89ED55F31837CB7D009FBF54 /* Debug */,
				89ED55F41837CB7D009FBF54 /* Release */,
			);
			defaultConfigurationIsVisible = 0;
			defaultConfigurationName = Release;
		};
		89ED55F51837CB7D009FBF54 /* Build configuration list for PBXNativeTarget "iBetchyuTests" */ = {
			isa = XCConfigurationList;
			buildConfigurations = (
				89ED55F61837CB7D009FBF54 /* Debug */,
				89ED55F71837CB7D009FBF54 /* Release */,
			);
			defaultConfigurationIsVisible = 0;
			defaultConfigurationName = Release;
		};
/* End XCConfigurationList section */

/* Begin XCVersionGroup section */
		89ED55D71837CB7D009FBF54 /* iBetchyu.xcdatamodeld */ = {
			isa = XCVersionGroup;
			children = (
				89ED55D81837CB7D009FBF54 /* iBetchyu.xcdatamodel */,
			);
			currentVersion = 89ED55D81837CB7D009FBF54 /* iBetchyu.xcdatamodel */;
			path = iBetchyu.xcdatamodeld;
			sourceTree = "<group>";
			versionGroupType = wrapper.xcdatamodel;
		};
/* End XCVersionGroup section */
	};
	rootObject = 89ED55B81837CB7D009FBF54 /* Project object */;
}
